// !$*UTF8*$!
{
	archiveVersion = 1;
	classes = {
	};
	objectVersion = 46;
	objects = {

/* Begin PBXBuildFile section */
		4AD39CFC1A82916C003486DF /* AppDelegate.swift in Sources */ = {isa = PBXBuildFile; fileRef = 4AD39CFB1A82916C003486DF /* AppDelegate.swift */; };
		4AD39CFF1A82916D003486DF /* TestingMoves.xcdatamodeld in Sources */ = {isa = PBXBuildFile; fileRef = 4AD39CFD1A82916D003486DF /* TestingMoves.xcdatamodeld */; };
		4AD39D011A82916D003486DF /* HomeViewController.swift in Sources */ = {isa = PBXBuildFile; fileRef = 4AD39D001A82916D003486DF /* HomeViewController.swift */; };
		4AD39D041A82916D003486DF /* Main.storyboard in Resources */ = {isa = PBXBuildFile; fileRef = 4AD39D021A82916D003486DF /* Main.storyboard */; };
		4AD39D061A82916D003486DF /* Images.xcassets in Resources */ = {isa = PBXBuildFile; fileRef = 4AD39D051A82916D003486DF /* Images.xcassets */; };
		4AD39D091A82916D003486DF /* LaunchScreen.xib in Resources */ = {isa = PBXBuildFile; fileRef = 4AD39D071A82916D003486DF /* LaunchScreen.xib */; };
		4AD39D151A82916D003486DF /* TestingMovesTests.swift in Sources */ = {isa = PBXBuildFile; fileRef = 4AD39D141A82916D003486DF /* TestingMovesTests.swift */; };
		4AD39D1F1A82AC0B003486DF /* SquareHeroView.swift in Sources */ = {isa = PBXBuildFile; fileRef = 4AD39D1E1A82AC0B003486DF /* SquareHeroView.swift */; };
/* End PBXBuildFile section */

/* Begin PBXContainerItemProxy section */
		4AD39D0F1A82916D003486DF /* PBXContainerItemProxy */ = {
			isa = PBXContainerItemProxy;
			containerPortal = 4AD39CEE1A82916C003486DF /* Project object */;
			proxyType = 1;
			remoteGlobalIDString = 4AD39CF51A82916C003486DF;
			remoteInfo = TestingMoves;
		};
/* End PBXContainerItemProxy section */

/* Begin PBXFileReference section */
		4AD39CF61A82916C003486DF /* TestingMoves.app */ = {isa = PBXFileReference; explicitFileType = wrapper.application; includeInIndex = 0; path = TestingMoves.app; sourceTree = BUILT_PRODUCTS_DIR; };
		4AD39CFA1A82916C003486DF /* Info.plist */ = {isa = PBXFileReference; lastKnownFileType = text.plist.xml; path = Info.plist; sourceTree = "<group>"; };
		4AD39CFB1A82916C003486DF /* AppDelegate.swift */ = {isa = PBXFileReference; lastKnownFileType = sourcecode.swift; path = AppDelegate.swift; sourceTree = "<group>"; };
		4AD39CFE1A82916D003486DF /* TestingMoves.xcdatamodel */ = {isa = PBXFileReference; lastKnownFileType = wrapper.xcdatamodel; path = TestingMoves.xcdatamodel; sourceTree = "<group>"; };
		4AD39D001A82916D003486DF /* HomeViewController.swift */ = {isa = PBXFileReference; lastKnownFileType = sourcecode.swift; path = HomeViewController.swift; sourceTree = "<group>"; };
		4AD39D031A82916D003486DF /* Base */ = {isa = PBXFileReference; lastKnownFileType = file.storyboard; name = Base; path = Base.lproj/Main.storyboard; sourceTree = "<group>"; };
		4AD39D051A82916D003486DF /* Images.xcassets */ = {isa = PBXFileReference; lastKnownFileType = folder.assetcatalog; path = Images.xcassets; sourceTree = "<group>"; };
		4AD39D081A82916D003486DF /* Base */ = {isa = PBXFileReference; lastKnownFileType = file.xib; name = Base; path = Base.lproj/LaunchScreen.xib; sourceTree = "<group>"; };
		4AD39D0E1A82916D003486DF /* TestingMovesTests.xctest */ = {isa = PBXFileReference; explicitFileType = wrapper.cfbundle; includeInIndex = 0; path = TestingMovesTests.xctest; sourceTree = BUILT_PRODUCTS_DIR; };
		4AD39D131A82916D003486DF /* Info.plist */ = {isa = PBXFileReference; lastKnownFileType = text.plist.xml; path = Info.plist; sourceTree = "<group>"; };
		4AD39D141A82916D003486DF /* TestingMovesTests.swift */ = {isa = PBXFileReference; lastKnownFileType = sourcecode.swift; path = TestingMovesTests.swift; sourceTree = "<group>"; };
		4AD39D1E1A82AC0B003486DF /* SquareHeroView.swift */ = {isa = PBXFileReference; fileEncoding = 4; lastKnownFileType = sourcecode.swift; path = SquareHeroView.swift; sourceTree = "<group>"; };
/* End PBXFileReference section */

/* Begin PBXFrameworksBuildPhase section */
		4AD39CF31A82916C003486DF /* Frameworks */ = {
			isa = PBXFrameworksBuildPhase;
			buildActionMask = 2147483647;
			files = (
			);
			runOnlyForDeploymentPostprocessing = 0;
		};
		4AD39D0B1A82916D003486DF /* Frameworks */ = {
			isa = PBXFrameworksBuildPhase;
			buildActionMask = 2147483647;
			files = (
			);
			runOnlyForDeploymentPostprocessing = 0;
		};
/* End PBXFrameworksBuildPhase section */

/* Begin PBXGroup section */
		4AD39CED1A82916C003486DF = {
			isa = PBXGroup;
			children = (
				4AD39CF81A82916C003486DF /* TestingMoves */,
				4AD39D111A82916D003486DF /* TestingMovesTests */,
				4AD39CF71A82916C003486DF /* Products */,
			);
			sourceTree = "<group>";
		};
		4AD39CF71A82916C003486DF /* Products */ = {
			isa = PBXGroup;
			children = (
				4AD39CF61A82916C003486DF /* TestingMoves.app */,
				4AD39D0E1A82916D003486DF /* TestingMovesTests.xctest */,
			);
			name = Products;
			sourceTree = "<group>";
		};
		4AD39CF81A82916C003486DF /* TestingMoves */ = {
			isa = PBXGroup;
			children = (
				4AD39CFB1A82916C003486DF /* AppDelegate.swift */,
				4AD39D001A82916D003486DF /* HomeViewController.swift */,
				4AD39D1E1A82AC0B003486DF /* SquareHeroView.swift */,
				4AD39D021A82916D003486DF /* Main.storyboard */,
				4AD39D051A82916D003486DF /* Images.xcassets */,
				4AD39D071A82916D003486DF /* LaunchScreen.xib */,
				4AD39CFD1A82916D003486DF /* TestingMoves.xcdatamodeld */,
				4AD39CF91A82916C003486DF /* Supporting Files */,
			);
			path = TestingMoves;
			sourceTree = "<group>";
		};
		4AD39CF91A82916C003486DF /* Supporting Files */ = {
			isa = PBXGroup;
			children = (
				4AD39CFA1A82916C003486DF /* Info.plist */,
			);
			name = "Supporting Files";
			sourceTree = "<group>";
		};
		4AD39D111A82916D003486DF /* TestingMovesTests */ = {
			isa = PBXGroup;
			children = (
				4AD39D141A82916D003486DF /* TestingMovesTests.swift */,
				4AD39D121A82916D003486DF /* Supporting Files */,
			);
			path = TestingMovesTests;
			sourceTree = "<group>";
		};
		4AD39D121A82916D003486DF /* Supporting Files */ = {
			isa = PBXGroup;
			children = (
				4AD39D131A82916D003486DF /* Info.plist */,
			);
			name = "Supporting Files";
			sourceTree = "<group>";
		};
/* End PBXGroup section */

/* Begin PBXNativeTarget section */
		4AD39CF51A82916C003486DF /* TestingMoves */ = {
			isa = PBXNativeTarget;
			buildConfigurationList = 4AD39D181A82916D003486DF /* Build configuration list for PBXNativeTarget "TestingMoves" */;
			buildPhases = (
				4AD39CF21A82916C003486DF /* Sources */,
				4AD39CF31A82916C003486DF /* Frameworks */,
				4AD39CF41A82916C003486DF /* Resources */,
			);
			buildRules = (
			);
			dependencies = (
			);
			name = TestingMoves;
			productName = TestingMoves;
			productReference = 4AD39CF61A82916C003486DF /* TestingMoves.app */;
			productType = "com.apple.product-type.application";
		};
		4AD39D0D1A82916D003486DF /* TestingMovesTests */ = {
			isa = PBXNativeTarget;
			buildConfigurationList = 4AD39D1B1A82916D003486DF /* Build configuration list for PBXNativeTarget "TestingMovesTests" */;
			buildPhases = (
				4AD39D0A1A82916D003486DF /* Sources */,
				4AD39D0B1A82916D003486DF /* Frameworks */,
				4AD39D0C1A82916D003486DF /* Resources */,
			);
			buildRules = (
			);
			dependencies = (
				4AD39D101A82916D003486DF /* PBXTargetDependency */,
			);
			name = TestingMovesTests;
			productName = TestingMovesTests;
			productReference = 4AD39D0E1A82916D003486DF /* TestingMovesTests.xctest */;
			productType = "com.apple.product-type.bundle.unit-test";
		};
/* End PBXNativeTarget section */

/* Begin PBXProject section */
		4AD39CEE1A82916C003486DF /* Project object */ = {
			isa = PBXProject;
			attributes = {
				LastUpgradeCheck = 0610;
				ORGANIZATIONNAME = PDice;
				TargetAttributes = {
					4AD39CF51A82916C003486DF = {
						CreatedOnToolsVersion = 6.1.1;
					};
					4AD39D0D1A82916D003486DF = {
						CreatedOnToolsVersion = 6.1.1;
						TestTargetID = 4AD39CF51A82916C003486DF;
					};
				};
			};
			buildConfigurationList = 4AD39CF11A82916C003486DF /* Build configuration list for PBXProject "TestingMoves" */;
			compatibilityVersion = "Xcode 3.2";
			developmentRegion = English;
			hasScannedForEncodings = 0;
			knownRegions = (
				en,
				Base,
			);
			mainGroup = 4AD39CED1A82916C003486DF;
			productRefGroup = 4AD39CF71A82916C003486DF /* Products */;
			projectDirPath = "";
			projectRoot = "";
			targets = (
				4AD39CF51A82916C003486DF /* TestingMoves */,
				4AD39D0D1A82916D003486DF /* TestingMovesTests */,
			);
		};
/* End PBXProject section */

/* Begin PBXResourcesBuildPhase section */
		4AD39CF41A82916C003486DF /* Resources */ = {
			isa = PBXResourcesBuildPhase;
			buildActionMask = 2147483647;
			files = (
				4AD39D041A82916D003486DF /* Main.storyboard in Resources */,
				4AD39D091A82916D003486DF /* LaunchScreen.xib in Resources */,
				4AD39D061A82916D003486DF /* Images.xcassets in Resources */,
			);
			runOnlyForDeploymentPostprocessing = 0;
		};
		4AD39D0C1A82916D003486DF /* Resources */ = {
			isa = PBXResourcesBuildPhase;
			buildActionMask = 2147483647;
			files = (
			);
			runOnlyForDeploymentPostprocessing = 0;
		};
/* End PBXResourcesBuildPhase section */

/* Begin PBXSourcesBuildPhase section */
		4AD39CF21A82916C003486DF /* Sources */ = {
			isa = PBXSourcesBuildPhase;
			buildActionMask = 2147483647;
			files = (
				4AD39D011A82916D003486DF /* HomeViewController.swift in Sources */,
				4AD39D1F1A82AC0B003486DF /* SquareHeroView.swift in Sources */,
				4AD39CFC1A82916C003486DF /* AppDelegate.swift in Sources */,
				4AD39CFF1A82916D003486DF /* TestingMoves.xcdatamodeld in Sources */,
			);
			runOnlyForDeploymentPostprocessing = 0;
		};
		4AD39D0A1A82916D003486DF /* Sources */ = {
			isa = PBXSourcesBuildPhase;
			buildActionMask = 2147483647;
			files = (
				4AD39D151A82916D003486DF /* TestingMovesTests.swift in Sources */,
			);
			runOnlyForDeploymentPostprocessing = 0;
		};
/* End PBXSourcesBuildPhase section */

/* Begin PBXTargetDependency section */
		4AD39D101A82916D003486DF /* PBXTargetDependency */ = {
			isa = PBXTargetDependency;
			target = 4AD39CF51A82916C003486DF /* TestingMoves */;
			targetProxy = 4AD39D0F1A82916D003486DF /* PBXContainerItemProxy */;
		};
/* End PBXTargetDependency section */

/* Begin PBXVariantGroup section */
		4AD39D021A82916D003486DF /* Main.storyboard */ = {
			isa = PBXVariantGroup;
			children = (
				4AD39D031A82916D003486DF /* Base */,
			);
			name = Main.storyboard;
			sourceTree = "<group>";
		};
		4AD39D071A82916D003486DF /* LaunchScreen.xib */ = {
			isa = PBXVariantGroup;
			children = (
				4AD39D081A82916D003486DF /* Base */,
			);
			name = LaunchScreen.xib;
			sourceTree = "<group>";
		};
/* End PBXVariantGroup section */

/* Begin XCBuildConfiguration section */
		4AD39D161A82916D003486DF /* Debug */ = {
			isa = XCBuildConfiguration;
			buildSettings = {
				ALWAYS_SEARCH_USER_PATHS = NO;
				CLANG_CXX_LANGUAGE_STANDARD = "gnu++0x";
				CLANG_CXX_LIBRARY = "libc++";
				CLANG_ENABLE_MODULES = YES;
				CLANG_ENABLE_OBJC_ARC = YES;
				CLANG_WARN_BOOL_CONVERSION = YES;
				CLANG_WARN_CONSTANT_CONVERSION = YES;
				CLANG_WARN_DIRECT_OBJC_ISA_USAGE = YES_ERROR;
				CLANG_WARN_EMPTY_BODY = YES;
				CLANG_WARN_ENUM_CONVERSION = YES;
				CLANG_WARN_INT_CONVERSION = YES;
				CLANG_WARN_OBJC_ROOT_CLASS = YES_ERROR;
				CLANG_WARN_UNREACHABLE_CODE = YES;
				CLANG_WARN__DUPLICATE_METHOD_MATCH = YES;
				"CODE_SIGN_IDENTITY[sdk=iphoneos*]" = "iPhone Developer";
				COPY_PHASE_STRIP = NO;
				ENABLE_STRICT_OBJC_MSGSEND = YES;
				GCC_C_LANGUAGE_STANDARD = gnu99;
				GCC_DYNAMIC_NO_PIC = NO;
				GCC_OPTIMIZATION_LEVEL = 0;
				GCC_PREPROCESSOR_DEFINITIONS = (
					"DEBUG=1",
					"$(inherited)",
				);
				GCC_SYMBOLS_PRIVATE_EXTERN = NO;
				GCC_WARN_64_TO_32_BIT_CONVERSION = YES;
				GCC_WARN_ABOUT_RETURN_TYPE = YES_ERROR;
				GCC_WARN_UNDECLARED_SELECTOR = YES;
				GCC_WARN_UNINITIALIZED_AUTOS = YES_AGGRESSIVE;
				GCC_WARN_UNUSED_FUNCTION = YES;
				GCC_WARN_UNUSED_VARIABLE = YES;
				IPHONEOS_DEPLOYMENT_TARGET = 8.1;
				MTL_ENABLE_DEBUG_INFO = YES;
				ONLY_ACTIVE_ARCH = YES;
				SDKROOT = iphoneos;
				SWIFT_OPTIMIZATION_LEVEL = "-Onone";
			};
			name = Debug;
		};
		4AD39D171A82916D003486DF /* Release */ = {
			isa = XCBuildConfiguration;
			buildSettings = {
				ALWAYS_SEARCH_USER_PATHS = NO;
				CLANG_CXX_LANGUAGE_STANDARD = "gnu++0x";
				CLANG_CXX_LIBRARY = "libc++";
				CLANG_ENABLE_MODULES = YES;
				CLANG_ENABLE_OBJC_ARC = YES;
				CLANG_WARN_BOOL_CONVERSION = YES;
				CLANG_WARN_CONSTANT_CONVERSION = YES;
				CLANG_WARN_DIRECT_OBJC_ISA_USAGE = YES_ERROR;
				CLANG_WARN_EMPTY_BODY = YES;
				CLANG_WARN_ENUM_CONVERSION = YES;
				CLANG_WARN_INT_CONVERSION = YES;
				CLANG_WARN_OBJC_ROOT_CLASS = YES_ERROR;
				CLANG_WARN_UNREACHABLE_CODE = YES;
				CLANG_WARN__DUPLICATE_METHOD_MATCH = YES;
				"CODE_SIGN_IDENTITY[sdk=iphoneos*]" = "iPhone Developer";
				COPY_PHASE_STRIP = YES;
				ENABLE_NS_ASSERTIONS = NO;
				ENABLE_STRICT_OBJC_MSGSEND = YES;
				GCC_C_LANGUAGE_STANDARD = gnu99;
				GCC_WARN_64_TO_32_BIT_CONVERSION = YES;
				GCC_WARN_ABOUT_RETURN_TYPE = YES_ERROR;
				GCC_WARN_UNDECLARED_SELECTOR = YES;
				GCC_WARN_UNINITIALIZED_AUTOS = YES_AGGRESSIVE;
				GCC_WARN_UNUSED_FUNCTION = YES;
				GCC_WARN_UNUSED_VARIABLE = YES;
				IPHONEOS_DEPLOYMENT_TARGET = 8.1;
				MTL_ENABLE_DEBUG_INFO = NO;
				SDKROOT = iphoneos;
				VALIDATE_PRODUCT = YES;
			};
			name = Release;
		};
		4AD39D191A82916D003486DF /* Debug */ = {
			isa = XCBuildConfiguration;
			buildSettings = {
				ASSETCATALOG_COMPILER_APPICON_NAME = AppIcon;
				INFOPLIST_FILE = TestingMoves/Info.plist;
				LD_RUNPATH_SEARCH_PATHS = "$(inherited) @executable_path/Frameworks";
				PRODUCT_NAME = "$(TARGET_NAME)";
			};
			name = Debug;
		};
		4AD39D1A1A82916D003486DF /* Release */ = {
			isa = XCBuildConfiguration;
			buildSettings = {
				ASSETCATALOG_COMPILER_APPICON_NAME = AppIcon;
				INFOPLIST_FILE = TestingMoves/Info.plist;
				LD_RUNPATH_SEARCH_PATHS = "$(inherited) @executable_path/Frameworks";
				PRODUCT_NAME = "$(TARGET_NAME)";
			};
			name = Release;
		};
		4AD39D1C1A82916D003486DF /* Debug */ = {
			isa = XCBuildConfiguration;
			buildSettings = {
				BUNDLE_LOADER = "$(TEST_HOST)";
				FRAMEWORK_SEARCH_PATHS = (
					"$(SDKROOT)/Developer/Library/Frameworks",
					"$(inherited)",
				);
				GCC_PREPROCESSOR_DEFINITIONS = (
					"DEBUG=1",
					"$(inherited)",
				);
				INFOPLIST_FILE = TestingMovesTests/Info.plist;
				LD_RUNPATH_SEARCH_PATHS = "$(inherited) @executable_path/Frameworks @loader_path/Frameworks";
				PRODUCT_NAME = "$(TARGET_NAME)";
				TEST_HOST = "$(BUILT_PRODUCTS_DIR)/TestingMoves.app/TestingMoves";
			};
			name = Debug;
		};
		4AD39D1D1A82916D003486DF /* Release */ = {
			isa = XCBuildConfiguration;
			buildSettings = {
				BUNDLE_LOADER = "$(TEST_HOST)";
				FRAMEWORK_SEARCH_PATHS = (
					"$(SDKROOT)/Developer/Library/Frameworks",
					"$(inherited)",
				);
				INFOPLIST_FILE = TestingMovesTests/Info.plist;
				LD_RUNPATH_SEARCH_PATHS = "$(inherited) @executable_path/Frameworks @loader_path/Frameworks";
				PRODUCT_NAME = "$(TARGET_NAME)";
				TEST_HOST = "$(BUILT_PRODUCTS_DIR)/TestingMoves.app/TestingMoves";
			};
			name = Release;
		};
/* End XCBuildConfiguration section */

/* Begin XCConfigurationList section */
		4AD39CF11A82916C003486DF /* Build configuration list for PBXProject "TestingMoves" */ = {
			isa = XCConfigurationList;
			buildConfigurations = (
				4AD39D161A82916D003486DF /* Debug */,
				4AD39D171A82916D003486DF /* Release */,
			);
			defaultConfigurationIsVisible = 0;
			defaultConfigurationName = Release;
		};
		4AD39D181A82916D003486DF /* Build configuration list for PBXNativeTarget "TestingMoves" */ = {
			isa = XCConfigurationList;
			buildConfigurations = (
				4AD39D191A82916D003486DF /* Debug */,
				4AD39D1A1A82916D003486DF /* Release */,
			);
			defaultConfigurationIsVisible = 0;
		};
		4AD39D1B1A82916D003486DF /* Build configuration list for PBXNativeTarget "TestingMovesTests" */ = {
			isa = XCConfigurationList;
			buildConfigurations = (
				4AD39D1C1A82916D003486DF /* Debug */,
				4AD39D1D1A82916D003486DF /* Release */,
			);
			defaultConfigurationIsVisible = 0;
		};
/* End XCConfigurationList section */

/* Begin XCVersionGroup section */
		4AD39CFD1A82916D003486DF /* TestingMoves.xcdatamodeld */ = {
			isa = XCVersionGroup;
			children = (
				4AD39CFE1A82916D003486DF /* TestingMoves.xcdatamodel */,
			);
			currentVersion = 4AD39CFE1A82916D003486DF /* TestingMoves.xcdatamodel */;
			path = TestingMoves.xcdatamodeld;
			sourceTree = "<group>";
			versionGroupType = wrapper.xcdatamodel;
		};
/* End XCVersionGroup section */
	};
	rootObject = 4AD39CEE1A82916C003486DF /* Project object */;
}
